<?xml version="1.0" encoding="utf-8"?>
<Project ToolsVersion="4.0" xmlns="http://schemas.microsoft.com/developer/msbuild/2003">
  <ItemGroup>
    <Filter Include="Source Files">
      <UniqueIdentifier>{4FC737F1-C7A5-4376-A066-2A32D752A2FF}</UniqueIdentifier>
      <Extensions>cpp;c;cc;cxx;def;odl;idl;hpj;bat;asm;asmx</Extensions>
    </Filter>
    <Filter Include="Header Files">
      <UniqueIdentifier>{93995380-89BD-4b04-88EB-625FBE52EBFB}</UniqueIdentifier>
      <Extensions>h;hh;hpp;hxx;hm;inl;inc;xsd</Extensions>
    </Filter>
    <Filter Include="Shader Files">
      <UniqueIdentifier>{1686effa-5d7a-42c5-852f-d528cb110144}</UniqueIdentifier>
    </Filter>
    <Filter Include="External Libraries">
      <UniqueIdentifier>{9a24821d-9580-4fe1-9e70-591866861b84}</UniqueIdentifier>
    </Filter>
    <Filter Include="Resource Files">
      <UniqueIdentifier>{628c6961-f944-4975-8f6f-604daf86a458}</UniqueIdentifier>
    </Filter>
  </ItemGroup>
  <ItemGroup>
    <ClInclude Include="TextRenderer.h">
      <Filter>Header Files</Filter>
    </ClInclude>
    <ClInclude Include="Timer.h">
      <Filter>Header Files</Filter>
    </ClInclude>
    <ClInclude Include="Scene.h">
      <Filter>Header Files</Filter>
    </ClInclude>
    <ClInclude Include="SceneObject.h">
      <Filter>Header Files</Filter>
    </ClInclude>
    <ClInclude Include="Component.h">
      <Filter>Header Files</Filter>
    </ClInclude>
    <ClInclude Include="Shader.h">
      <Filter>Header Files</Filter>
    </ClInclude>
    <ClInclude Include="Input.h">
      <Filter>Header Files</Filter>
    </ClInclude>
    <ClInclude Include="Transform.h">
      <Filter>Header Files</Filter>
    </ClInclude>
    <ClInclude Include="Hierarchy.h">
      <Filter>Header Files</Filter>
    </ClInclude>
    <ClInclude Include="PointCloudEngine.h">
      <Filter>Header Files</Filter>
    </ClInclude>
    <ClInclude Include="OctreeNode.h">
      <Filter>Header Files</Filter>
    </ClInclude>
    <ClInclude Include="Octree.h">
      <Filter>Header Files</Filter>
    </ClInclude>
    <ClInclude Include="OctreeRenderer.h">
      <Filter>Header Files</Filter>
    </ClInclude>
    <ClInclude Include="Settings.h">
      <Filter>Header Files</Filter>
    </ClInclude>
    <ClInclude Include="Camera.h">
      <Filter>Header Files</Filter>
    </ClInclude>
    <ClInclude Include="IRenderer.h">
      <Filter>Header Files</Filter>
    </ClInclude>
    <ClInclude Include="Structures.h">
      <Filter>Header Files</Filter>
    </ClInclude>
    <ClInclude Include="resource.h">
      <Filter>Resource Files</Filter>
    </ClInclude>
    <ClInclude Include="GroundTruthRenderer.h">
      <Filter>Header Files</Filter>
    </ClInclude>
    <ClInclude Include="HDF5File.h">
      <Filter>Header Files</Filter>
    </ClInclude>
    <ClInclude Include="PrecompiledHeader.h">
      <Filter>Header Files</Filter>
    </ClInclude>
    <ClInclude Include="WaypointRenderer.h">
      <Filter>Header Files</Filter>
    </ClInclude>
    <ClInclude Include="GUI.h">
      <Filter>Header Files</Filter>
    </ClInclude>
    <ClInclude Include="GUISlider.h">
      <Filter>Header Files</Filter>
    </ClInclude>
    <ClInclude Include="GUIText.h">
      <Filter>Header Files</Filter>
    </ClInclude>
    <ClInclude Include="GUIValue.h">
      <Filter>Header Files</Filter>
    </ClInclude>
    <ClInclude Include="IGUIElement.h">
      <Filter>Header Files</Filter>
    </ClInclude>
    <ClInclude Include="GUIDropdown.h">
      <Filter>Header Files</Filter>
    </ClInclude>
    <ClInclude Include="GUITab.h">
      <Filter>Header Files</Filter>
    </ClInclude>
    <ClInclude Include="GUIButton.h">
      <Filter>Header Files</Filter>
    </ClInclude>
    <ClInclude Include="GUICheckbox.h">
      <Filter>Header Files</Filter>
    </ClInclude>
    <ClInclude Include="Utils.h">
      <Filter>Header Files</Filter>
    </ClInclude>
    <ClInclude Include="PullPush.h">
      <Filter>Header Files</Filter>
    </ClInclude>
    <ClInclude Include="OBJFile.h">
      <Filter>Header Files</Filter>
    </ClInclude>
    <ClInclude Include="MeshRenderer.h">
      <Filter>Header Files</Filter>
    </ClInclude>
    <ClInclude Include="DirectXCudaPytorchInteroperability.h">
      <Filter>Header Files</Filter>
    </ClInclude>
  </ItemGroup>
  <ItemGroup>
    <ClCompile Include="TextRenderer.cpp">
      <Filter>Source Files</Filter>
    </ClCompile>
    <ClCompile Include="Scene.cpp">
      <Filter>Source Files</Filter>
    </ClCompile>
    <ClCompile Include="Shader.cpp">
      <Filter>Source Files</Filter>
    </ClCompile>
    <ClCompile Include="SceneObject.cpp">
      <Filter>Source Files</Filter>
    </ClCompile>
    <ClCompile Include="Input.cpp">
      <Filter>Source Files</Filter>
    </ClCompile>
    <ClCompile Include="Transform.cpp">
      <Filter>Source Files</Filter>
    </ClCompile>
    <ClCompile Include="Hierarchy.cpp">
      <Filter>Source Files</Filter>
    </ClCompile>
    <ClCompile Include="PointCloudEngine.cpp">
      <Filter>Source Files</Filter>
    </ClCompile>
    <ClCompile Include="OctreeNode.cpp">
      <Filter>Source Files</Filter>
    </ClCompile>
    <ClCompile Include="Octree.cpp">
      <Filter>Source Files</Filter>
    </ClCompile>
    <ClCompile Include="OctreeRenderer.cpp">
      <Filter>Source Files</Filter>
    </ClCompile>
    <ClCompile Include="Settings.cpp">
      <Filter>Source Files</Filter>
    </ClCompile>
    <ClCompile Include="Camera.cpp">
      <Filter>Source Files</Filter>
    </ClCompile>
    <ClCompile Include="GroundTruthRenderer.cpp">
      <Filter>Source Files</Filter>
    </ClCompile>
    <ClCompile Include="HDF5File.cpp">
      <Filter>Source Files</Filter>
    </ClCompile>
    <ClCompile Include="PrecompiledHeader.cpp">
      <Filter>Source Files</Filter>
    </ClCompile>
    <ClCompile Include="WaypointRenderer.cpp">
      <Filter>Source Files</Filter>
    </ClCompile>
    <ClCompile Include="GUI.cpp">
      <Filter>Source Files</Filter>
    </ClCompile>
    <ClCompile Include="Utils.cpp">
      <Filter>Source Files</Filter>
    </ClCompile>
    <ClCompile Include="PullPush.cpp">
      <Filter>Source Files</Filter>
    </ClCompile>
    <ClCompile Include="OBJFile.cpp">
      <Filter>Source Files</Filter>
    </ClCompile>
    <ClCompile Include="MeshRenderer.cpp">
      <Filter>Source Files</Filter>
    </ClCompile>
    <ClCompile Include="DirectXCudaPytorchInteroperability.cpp">
      <Filter>Source Files</Filter>
    </ClCompile>
  </ItemGroup>
  <ItemGroup>
    <FxCompile Include="Text.hlsl">
      <Filter>Shader Files</Filter>
    </FxCompile>
    <FxCompile Include="Splat.hlsl">
      <Filter>Shader Files</Filter>
    </FxCompile>
    <FxCompile Include="Octree.hlsl">
      <Filter>Shader Files</Filter>
    </FxCompile>
    <FxCompile Include="OctreeCluster.hlsl">
      <Filter>Shader Files</Filter>
    </FxCompile>
    <FxCompile Include="OctreeCompute.hlsl">
      <Filter>Shader Files</Filter>
    </FxCompile>
    <FxCompile Include="OctreeCube.hlsl">
      <Filter>Shader Files</Filter>
    </FxCompile>
    <FxCompile Include="OctreeSplat.hlsl">
      <Filter>Shader Files</Filter>
    </FxCompile>
    <FxCompile Include="OctreeComputeVS.hlsl">
      <Filter>Shader Files</Filter>
    </FxCompile>
    <FxCompile Include="OctreeConstantBuffer.hlsl">
      <Filter>Shader Files</Filter>
    </FxCompile>
    <FxCompile Include="LightingConstantBuffer.hlsl">
      <Filter>Shader Files</Filter>
    </FxCompile>
    <FxCompile Include="GammaCorrection.hlsl">
      <Filter>Shader Files</Filter>
    </FxCompile>
    <FxCompile Include="ImageEffect.hlsl">
      <Filter>Shader Files</Filter>
    </FxCompile>
    <FxCompile Include="SplatBlending.hlsl">
      <Filter>Shader Files</Filter>
    </FxCompile>
    <FxCompile Include="Blending.hlsl">
      <Filter>Shader Files</Filter>
    </FxCompile>
    <FxCompile Include="GroundTruth.hlsl">
      <Filter>Shader Files</Filter>
    </FxCompile>
    <FxCompile Include="Point.hlsl">
      <Filter>Shader Files</Filter>
    </FxCompile>
    <FxCompile Include="TextureConversion.hlsl">
      <Filter>Shader Files</Filter>
    </FxCompile>
    <FxCompile Include="Waypoint.hlsl">
      <Filter>Shader Files</Filter>
    </FxCompile>
    <FxCompile Include="PullPush.hlsl">
      <Filter>Shader Files</Filter>
    </FxCompile>
    <FxCompile Include="Mesh.hlsl">
      <Filter>Shader Files</Filter>
    </FxCompile>
  </ItemGroup>
  <ItemGroup>
    <Image Include="Assets\Icon.ico">
      <Filter>Resource Files</Filter>
    </Image>
  </ItemGroup>
  <ItemGroup>
    <ResourceCompile Include="PointCloudEngine.rc">
      <Filter>Resource Files</Filter>
    </ResourceCompile>
  </ItemGroup>
  <ItemGroup>
    <None Include="packages.config" />
    <None Include="ShadingMode.hlsli">
      <Filter>Shader Files</Filter>
    </None>
    <None Include="OpticalFlow.hlsli">
      <Filter>Shader Files</Filter>
    </None>
    <None Include="GroundTruthConstantBuffer.hlsli">
      <Filter>Shader Files</Filter>
    </None>
  </ItemGroup>
  <ItemGroup>
    <Manifest Include="PointCloudEngine.manifest" />
  </ItemGroup>
</Project>